
Microsoft Visual Studio Solution File, Format Version 12.00
# Visual Studio Version 16
VisualStudioVersion = 16.0.32106.194
MinimumVisualStudioVersion = 10.0.40219.1
Project("{FAE04EC0-301F-11D3-BF4B-00C04F79EFBC}") = "008. hanyadosplusztizedes", "008. hanyadosplusztizedes\008. hanyadosplusztizedes.csproj", "{17FA8C26-B297-4DBA-8751-3CBA40582073}"
EndProject
Global
	GlobalSection(SolutionConfigurationPlatforms) = preSolution
		Debug|Any CPU = Debug|Any CPU
		Release|Any CPU = Release|Any CPU
	EndGlobalSection
	GlobalSection(ProjectConfigurationPlatforms) = postSolution
		{17FA8C26-B297-4DBA-8751-3CBA40582073}.Debug|Any CPU.ActiveCfg = Debug|Any CPU
		{17FA8C26-B297-4DBA-8751-3CBA40582073}.Debug|Any CPU.Build.0 = Debug|Any CPU
		{17FA8C26-B297-4DBA-8751-3CBA40582073}.Release|Any CPU.ActiveCfg = Release|Any CPU
		{17FA8C26-B297-4DBA-8751-3CBA40582073}.Release|Any CPU.Build.0 = Release|Any CPU
	EndGlobalSection
	GlobalSection(SolutionProperties) = preSolution
		HideSolutionNode = FALSE
	EndGlobalSection
	GlobalSection(ExtensibilityGlobals) = postSolution
		SolutionGuid = {B83E1AD1-0ED2-428B-806D-83EBA5147F0C}
	EndGlobalSection
EndGlobal
